{
  "version": 4,
  "terraform_version": "1.9.8",
  "serial": 60,
  "lineage": "b01c47ab-5fc0-ced7-a38c-bba4ec23686c",
  "outputs": {},
  "resources": [
    {
      "mode": "managed",
      "type": "ibm_pi_key",
      "name": "ssh-key-lon06",
      "provider": "provider[\"registry.terraform.io/ibm-cloud/ibm\"]",
      "instances": [
        {
          "schema_version": 0,
          "attributes": {
            "creation_date": "2025-02-06T20:58:14.079Z",
            "id": "a8b1cff6-b58a-4e59-a45e-e4fda8a80353/ssh-key-lon06",
            "key": "ssh-rsa AAAAB3NzaC1yc2EAAAADAQABAAACAQCoGYI2QXW5tQsXPYyM+UT6nyqP/RvYpFkBGOrNZeFUh1VTFIH+XtACVRjRJBHlzGNGmLMnmJvhWP+2suhjZHsj/PTl1QAhBVXEmuGaLMeO00BDGdu6BSWUeuBCm1DFen0eb12qMcp93mltoo0oprw9S4jAUKFX6zo0mxiOzefSxaSf9c/TmqqGmcDea9w5RsjVqgNOg9NdqKWh/Gpv9f7QEIx9/mo8c4t0dIiiVXPyOSLej4dfjoAJvOU51YsCSiX2ApTGPIpkE8cxNoNaxoW+9FMHZhbYxYRleOUAEwne316xFKsg0Oc6ZbqgxG5xxK2wIsqevASHJ1DeeNguDI8alAJt7GEhgzvyZZFA2X85ac1C9Mu5+M4/V3YLawIvTYroPglNAI8MKyIb7ijNCLIabEsNk62rgsWe+yAcbP1ICbXxlrhRNva7cyq2SAyvZntlhGoNZMAzuEV55oMnQMsMXAsZOYKcJBYo6V0d/ORuU4KEfUXtNPsbfHPKuxPSPlz+C/2imCU2yXsk7pLN9jQbCTU7IOGnrUq9LlN7ERe0+QtkzhVS7Y6qnoLyTYBzy1hnkCCNma1C0GQen3Ue8P/LC8IDVGDCo68GjQM6vdch83H/nVxo9TChBLtPvbRsMPiahptDVow0GgaWYbXRe0cROPAfIAZVhLiB0HbZshfpow== cloud4roshan@vm-jumphost",
            "name": "ssh-key-lon06",
            "pi_cloud_instance_id": "a8b1cff6-b58a-4e59-a45e-e4fda8a80353",
            "pi_key_name": "ssh-key-lon06",
            "pi_ssh_key": "ssh-rsa AAAAB3NzaC1yc2EAAAADAQABAAACAQCoGYI2QXW5tQsXPYyM+UT6nyqP/RvYpFkBGOrNZeFUh1VTFIH+XtACVRjRJBHlzGNGmLMnmJvhWP+2suhjZHsj/PTl1QAhBVXEmuGaLMeO00BDGdu6BSWUeuBCm1DFen0eb12qMcp93mltoo0oprw9S4jAUKFX6zo0mxiOzefSxaSf9c/TmqqGmcDea9w5RsjVqgNOg9NdqKWh/Gpv9f7QEIx9/mo8c4t0dIiiVXPyOSLej4dfjoAJvOU51YsCSiX2ApTGPIpkE8cxNoNaxoW+9FMHZhbYxYRleOUAEwne316xFKsg0Oc6ZbqgxG5xxK2wIsqevASHJ1DeeNguDI8alAJt7GEhgzvyZZFA2X85ac1C9Mu5+M4/V3YLawIvTYroPglNAI8MKyIb7ijNCLIabEsNk62rgsWe+yAcbP1ICbXxlrhRNva7cyq2SAyvZntlhGoNZMAzuEV55oMnQMsMXAsZOYKcJBYo6V0d/ORuU4KEfUXtNPsbfHPKuxPSPlz+C/2imCU2yXsk7pLN9jQbCTU7IOGnrUq9LlN7ERe0+QtkzhVS7Y6qnoLyTYBzy1hnkCCNma1C0GQen3Ue8P/LC8IDVGDCo68GjQM6vdch83H/nVxo9TChBLtPvbRsMPiahptDVow0GgaWYbXRe0cROPAfIAZVhLiB0HbZshfpow== cloud4roshan@vm-jumphost",
            "timeouts": null
          },
          "sensitive_attributes": [],
          "private": "eyJlMmJmYjczMC1lY2FhLTExZTYtOGY4OC0zNDM2M2JjN2M0YzAiOnsiY3JlYXRlIjozNjAwMDAwMDAwMDAwLCJkZWxldGUiOjM2MDAwMDAwMDAwMDB9fQ==",
          "dependencies": [
            "ibm_pi_workspace.pws01-lon06",
            "ibm_resource_group.rg-pws-lon06"
          ]
        }
      ]
    },
    {
      "mode": "managed",
      "type": "ibm_pi_workspace",
      "name": "pws01-lon04",
      "provider": "provider[\"registry.terraform.io/ibm-cloud/ibm\"]",
      "instances": [
        {
          "schema_version": 0,
          "attributes": {
            "crn": "crn:v1:bluemix:public:power-iaas:lon04:a/9a3e5a816f444a65bca49a81b4931d6b:8a609423-7d6e-4a72-b60c-95a625e50615::",
            "id": "8a609423-7d6e-4a72-b60c-95a625e50615",
            "pi_datacenter": "lon04",
            "pi_name": "pws01-lon04",
            "pi_plan": "public",
            "pi_resource_group_id": "df852b54dafa4e67a3430f1790cdca8f",
            "pi_user_tags": [],
            "pi_workspace_details": {},
            "timeouts": null
          },
          "sensitive_attributes": [],
          "private": "eyJlMmJmYjczMC1lY2FhLTExZTYtOGY4OC0zNDM2M2JjN2M0YzAiOnsiY3JlYXRlIjoxODAwMDAwMDAwMDAwLCJkZWxldGUiOjE4MDAwMDAwMDAwMDAsInVwZGF0ZSI6NjAwMDAwMDAwMDAwfX0=",
          "dependencies": [
            "ibm_resource_group.rg-pws-lon04"
          ]
        }
      ]
    },
    {
      "mode": "managed",
      "type": "ibm_pi_workspace",
      "name": "pws01-lon06",
      "provider": "provider[\"registry.terraform.io/ibm-cloud/ibm\"]",
      "instances": [
        {
          "schema_version": 0,
          "attributes": {
            "crn": "crn:v1:bluemix:public:power-iaas:lon06:a/9a3e5a816f444a65bca49a81b4931d6b:a8b1cff6-b58a-4e59-a45e-e4fda8a80353::",
            "id": "a8b1cff6-b58a-4e59-a45e-e4fda8a80353",
            "pi_datacenter": "lon06",
            "pi_name": "pws01-lon06",
            "pi_plan": "public",
            "pi_resource_group_id": "631488e2319346d09e055c059477e675",
            "pi_user_tags": [],
            "pi_workspace_details": {},
            "timeouts": null
          },
          "sensitive_attributes": [],
          "private": "eyJlMmJmYjczMC1lY2FhLTExZTYtOGY4OC0zNDM2M2JjN2M0YzAiOnsiY3JlYXRlIjoxODAwMDAwMDAwMDAwLCJkZWxldGUiOjE4MDAwMDAwMDAwMDAsInVwZGF0ZSI6NjAwMDAwMDAwMDAwfX0=",
          "dependencies": [
            "ibm_resource_group.rg-pws-lon06"
          ]
        }
      ]
    },
    {
      "mode": "managed",
      "type": "ibm_pi_workspace",
      "name": "pws01-wdc06",
      "provider": "provider[\"registry.terraform.io/ibm-cloud/ibm\"]",
      "instances": [
        {
          "schema_version": 0,
          "attributes": {
            "crn": "crn:v1:bluemix:public:power-iaas:wdc06:a/9a3e5a816f444a65bca49a81b4931d6b:aadd79c4-c8a8-4f94-8554-a7333e7d820f::",
            "id": "aadd79c4-c8a8-4f94-8554-a7333e7d820f",
            "pi_datacenter": "wdc06",
            "pi_name": "pws01-wdc06",
            "pi_plan": "public",
            "pi_resource_group_id": "b44cfdcdd75240b29728c0b39e839814",
            "pi_user_tags": [],
            "pi_workspace_details": {},
            "timeouts": null
          },
          "sensitive_attributes": [],
          "private": "eyJlMmJmYjczMC1lY2FhLTExZTYtOGY4OC0zNDM2M2JjN2M0YzAiOnsiY3JlYXRlIjoxODAwMDAwMDAwMDAwLCJkZWxldGUiOjE4MDAwMDAwMDAwMDAsInVwZGF0ZSI6NjAwMDAwMDAwMDAwfX0=",
          "dependencies": [
            "ibm_resource_group.rg-pws-wdc06"
          ]
        }
      ]
    },
    {
      "mode": "managed",
      "type": "ibm_pi_workspace",
      "name": "pws01-wdc07",
      "provider": "provider[\"registry.terraform.io/ibm-cloud/ibm\"]",
      "instances": [
        {
          "schema_version": 0,
          "attributes": {
            "crn": "crn:v1:bluemix:public:power-iaas:wdc07:a/9a3e5a816f444a65bca49a81b4931d6b:aad21c1d-7f8b-41a3-b09e-48b8b1b268d1::",
            "id": "aad21c1d-7f8b-41a3-b09e-48b8b1b268d1",
            "pi_datacenter": "wdc07",
            "pi_name": "pws01-wdc07",
            "pi_plan": "public",
            "pi_resource_group_id": "19adfe4de2f7440aa6e65750c3b1c9b0",
            "pi_user_tags": [],
            "pi_workspace_details": {},
            "timeouts": null
          },
          "sensitive_attributes": [],
          "private": "eyJlMmJmYjczMC1lY2FhLTExZTYtOGY4OC0zNDM2M2JjN2M0YzAiOnsiY3JlYXRlIjoxODAwMDAwMDAwMDAwLCJkZWxldGUiOjE4MDAwMDAwMDAwMDAsInVwZGF0ZSI6NjAwMDAwMDAwMDAwfX0=",
          "dependencies": [
            "ibm_resource_group.rg-pws-wdc07"
          ]
        }
      ]
    },
    {
      "mode": "managed",
      "type": "ibm_pi_workspace",
      "name": "pws02-lon04",
      "provider": "provider[\"registry.terraform.io/ibm-cloud/ibm\"]",
      "instances": [
        {
          "schema_version": 0,
          "attributes": {
            "crn": "crn:v1:bluemix:public:power-iaas:lon04:a/9a3e5a816f444a65bca49a81b4931d6b:bb60f8cf-6555-4eab-84d0-d3b92bde4b56::",
            "id": "bb60f8cf-6555-4eab-84d0-d3b92bde4b56",
            "pi_datacenter": "lon04",
            "pi_name": "pws02-lon04",
            "pi_plan": "public",
            "pi_resource_group_id": "df852b54dafa4e67a3430f1790cdca8f",
            "pi_user_tags": [],
            "pi_workspace_details": {},
            "timeouts": null
          },
          "sensitive_attributes": [],
          "private": "eyJlMmJmYjczMC1lY2FhLTExZTYtOGY4OC0zNDM2M2JjN2M0YzAiOnsiY3JlYXRlIjoxODAwMDAwMDAwMDAwLCJkZWxldGUiOjE4MDAwMDAwMDAwMDAsInVwZGF0ZSI6NjAwMDAwMDAwMDAwfX0=",
          "dependencies": [
            "ibm_resource_group.rg-pws-lon04"
          ]
        }
      ]
    },
    {
      "mode": "managed",
      "type": "ibm_pi_workspace",
      "name": "pws02-lon06",
      "provider": "provider[\"registry.terraform.io/ibm-cloud/ibm\"]",
      "instances": [
        {
          "schema_version": 0,
          "attributes": {
            "crn": "crn:v1:bluemix:public:power-iaas:lon06:a/9a3e5a816f444a65bca49a81b4931d6b:c18e9045-e81d-418d-999f-6fc716b2f54f::",
            "id": "c18e9045-e81d-418d-999f-6fc716b2f54f",
            "pi_datacenter": "lon06",
            "pi_name": "pws02-lon06",
            "pi_plan": "public",
            "pi_resource_group_id": "631488e2319346d09e055c059477e675",
            "pi_user_tags": [],
            "pi_workspace_details": {},
            "timeouts": null
          },
          "sensitive_attributes": [],
          "private": "eyJlMmJmYjczMC1lY2FhLTExZTYtOGY4OC0zNDM2M2JjN2M0YzAiOnsiY3JlYXRlIjoxODAwMDAwMDAwMDAwLCJkZWxldGUiOjE4MDAwMDAwMDAwMDAsInVwZGF0ZSI6NjAwMDAwMDAwMDAwfX0=",
          "dependencies": [
            "ibm_resource_group.rg-pws-lon06"
          ]
        }
      ]
    },
    {
      "mode": "managed",
      "type": "ibm_pi_workspace",
      "name": "pws02-wdc06",
      "provider": "provider[\"registry.terraform.io/ibm-cloud/ibm\"]",
      "instances": [
        {
          "schema_version": 0,
          "attributes": {
            "crn": "crn:v1:bluemix:public:power-iaas:wdc06:a/9a3e5a816f444a65bca49a81b4931d6b:101e5707-76d9-4971-a0c8-cf4213bc7831::",
            "id": "101e5707-76d9-4971-a0c8-cf4213bc7831",
            "pi_datacenter": "wdc06",
            "pi_name": "pws02-wdc06",
            "pi_plan": "public",
            "pi_resource_group_id": "b44cfdcdd75240b29728c0b39e839814",
            "pi_user_tags": [],
            "pi_workspace_details": {},
            "timeouts": null
          },
          "sensitive_attributes": [],
          "private": "eyJlMmJmYjczMC1lY2FhLTExZTYtOGY4OC0zNDM2M2JjN2M0YzAiOnsiY3JlYXRlIjoxODAwMDAwMDAwMDAwLCJkZWxldGUiOjE4MDAwMDAwMDAwMDAsInVwZGF0ZSI6NjAwMDAwMDAwMDAwfX0=",
          "dependencies": [
            "ibm_resource_group.rg-pws-wdc06"
          ]
        }
      ]
    },
    {
      "mode": "managed",
      "type": "ibm_pi_workspace",
      "name": "pws02-wdc07",
      "provider": "provider[\"registry.terraform.io/ibm-cloud/ibm\"]",
      "instances": [
        {
          "schema_version": 0,
          "attributes": {
            "crn": "crn:v1:bluemix:public:power-iaas:wdc07:a/9a3e5a816f444a65bca49a81b4931d6b:84af6d7b-26a3-4f6d-af42-a9c12af37178::",
            "id": "84af6d7b-26a3-4f6d-af42-a9c12af37178",
            "pi_datacenter": "wdc07",
            "pi_name": "pws02-wdc07",
            "pi_plan": "public",
            "pi_resource_group_id": "19adfe4de2f7440aa6e65750c3b1c9b0",
            "pi_user_tags": [],
            "pi_workspace_details": {},
            "timeouts": null
          },
          "sensitive_attributes": [],
          "private": "eyJlMmJmYjczMC1lY2FhLTExZTYtOGY4OC0zNDM2M2JjN2M0YzAiOnsiY3JlYXRlIjoxODAwMDAwMDAwMDAwLCJkZWxldGUiOjE4MDAwMDAwMDAwMDAsInVwZGF0ZSI6NjAwMDAwMDAwMDAwfX0=",
          "dependencies": [
            "ibm_resource_group.rg-pws-wdc07"
          ]
        }
      ]
    },
    {
      "mode": "managed",
      "type": "ibm_resource_group",
      "name": "rg-pws-lon04",
      "provider": "provider[\"registry.terraform.io/ibm-cloud/ibm\"]",
      "instances": [
        {
          "schema_version": 0,
          "attributes": {
            "created_at": "2025-02-06T19:18:02.054Z",
            "crn": "crn:v1:bluemix:public:resource-controller::a/9a3e5a816f444a65bca49a81b4931d6b::resource-group:df852b54dafa4e67a3430f1790cdca8f",
            "default": false,
            "id": "df852b54dafa4e67a3430f1790cdca8f",
            "name": "rg-pws-lon04",
            "payment_methods_url": null,
            "quota_id": "a3d7b8d01e261c24677937c29ab33f3c",
            "quota_url": "/v2/quota_definitions/a3d7b8d01e261c24677937c29ab33f3c",
            "resource_linkages": [],
            "state": "ACTIVE",
            "tags": null,
            "teams_url": null,
            "timeouts": null,
            "updated_at": "2025-02-06T19:18:02.054Z"
          },
          "sensitive_attributes": [],
          "private": "bnVsbA=="
        }
      ]
    },
    {
      "mode": "managed",
      "type": "ibm_resource_group",
      "name": "rg-pws-lon06",
      "provider": "provider[\"registry.terraform.io/ibm-cloud/ibm\"]",
      "instances": [
        {
          "schema_version": 0,
          "attributes": {
            "created_at": "2025-02-06T19:18:01.883Z",
            "crn": "crn:v1:bluemix:public:resource-controller::a/9a3e5a816f444a65bca49a81b4931d6b::resource-group:631488e2319346d09e055c059477e675",
            "default": false,
            "id": "631488e2319346d09e055c059477e675",
            "name": "rg-pws-lon06",
            "payment_methods_url": null,
            "quota_id": "a3d7b8d01e261c24677937c29ab33f3c",
            "quota_url": "/v2/quota_definitions/a3d7b8d01e261c24677937c29ab33f3c",
            "resource_linkages": [],
            "state": "ACTIVE",
            "tags": null,
            "teams_url": null,
            "timeouts": null,
            "updated_at": "2025-02-06T19:18:01.883Z"
          },
          "sensitive_attributes": [],
          "private": "bnVsbA=="
        }
      ]
    },
    {
      "mode": "managed",
      "type": "ibm_resource_group",
      "name": "rg-pws-wdc06",
      "provider": "provider[\"registry.terraform.io/ibm-cloud/ibm\"]",
      "instances": [
        {
          "schema_version": 0,
          "attributes": {
            "created_at": "2025-02-06T19:18:02.154Z",
            "crn": "crn:v1:bluemix:public:resource-controller::a/9a3e5a816f444a65bca49a81b4931d6b::resource-group:b44cfdcdd75240b29728c0b39e839814",
            "default": false,
            "id": "b44cfdcdd75240b29728c0b39e839814",
            "name": "rg-pws-wdc06",
            "payment_methods_url": null,
            "quota_id": "a3d7b8d01e261c24677937c29ab33f3c",
            "quota_url": "/v2/quota_definitions/a3d7b8d01e261c24677937c29ab33f3c",
            "resource_linkages": [],
            "state": "ACTIVE",
            "tags": null,
            "teams_url": null,
            "timeouts": null,
            "updated_at": "2025-02-06T19:18:02.154Z"
          },
          "sensitive_attributes": [],
          "private": "bnVsbA=="
        }
      ]
    },
    {
      "mode": "managed",
      "type": "ibm_resource_group",
      "name": "rg-pws-wdc07",
      "provider": "provider[\"registry.terraform.io/ibm-cloud/ibm\"]",
      "instances": [
        {
          "schema_version": 0,
          "attributes": {
            "created_at": "2025-02-06T19:18:01.924Z",
            "crn": "crn:v1:bluemix:public:resource-controller::a/9a3e5a816f444a65bca49a81b4931d6b::resource-group:19adfe4de2f7440aa6e65750c3b1c9b0",
            "default": false,
            "id": "19adfe4de2f7440aa6e65750c3b1c9b0",
            "name": "rg-pws-wdc07",
            "payment_methods_url": null,
            "quota_id": "a3d7b8d01e261c24677937c29ab33f3c",
            "quota_url": "/v2/quota_definitions/a3d7b8d01e261c24677937c29ab33f3c",
            "resource_linkages": [],
            "state": "ACTIVE",
            "tags": null,
            "teams_url": null,
            "timeouts": null,
            "updated_at": "2025-02-06T19:18:01.924Z"
          },
          "sensitive_attributes": [],
          "private": "bnVsbA=="
        }
      ]
    }
  ],
  "check_results": null
}
